
Microsoft Visual Studio Solution File, Format Version 12.00
# Visual Studio Version 17
VisualStudioVersion = 17.0.32112.339
MinimumVisualStudioVersion = 10.0.40219.1
Project("{9A19103F-16F7-4668-BE54-9A1E7A4F7556}") = "JwtAuth.Web", "JwtAuth.Web\JwtAuth.Web.csproj", "{6AA04A52-C600-4354-AABF-A92600D378B0}"
EndProject
Global
	GlobalSection(SolutionConfigurationPlatforms) = preSolution
		Debug|Any CPU = Debug|Any CPU
		Release|Any CPU = Release|Any CPU
	EndGlobalSection
	GlobalSection(ProjectConfigurationPlatforms) = postSolution
		{6AA04A52-C600-4354-AABF-A92600D378B0}.Debug|Any CPU.ActiveCfg = Debug|Any CPU
		{6AA04A52-C600-4354-AABF-A92600D378B0}.Debug|Any CPU.Build.0 = Debug|Any CPU
		{6AA04A52-C600-4354-AABF-A92600D378B0}.Release|Any CPU.ActiveCfg = Release|Any CPU
		{6AA04A52-C600-4354-AABF-A92600D378B0}.Release|Any CPU.Build.0 = Release|Any CPU
	EndGlobalSection
	GlobalSection(SolutionProperties) = preSolution
		HideSolutionNode = FALSE
	EndGlobalSection
	GlobalSection(ExtensibilityGlobals) = postSolution
		SolutionGuid = {E6DFFE7B-BBB6-4FD0-9FEF-BB3BDE712786}
	EndGlobalSection
EndGlobal
